
Microsoft Visual Studio Solution File, Format Version 12.00
# Visual Studio 2012
Project("{FAE04EC0-301F-11D3-BF4B-00C04F79EFBC}") = "FaceWebApi", "FaceWebApi\FaceWebApi.csproj", "{B18F3492-F038-405F-AF67-148272761333}"
EndProject
Project("{FAE04EC0-301F-11D3-BF4B-00C04F79EFBC}") = "AriFaceLib", "AriFaceLib\AriFaceLib.csproj", "{7A9E3108-1CA4-4F3A-8777-42E1B0E3C706}"
EndProject
Project("{FAE04EC0-301F-11D3-BF4B-00C04F79EFBC}") = "FaceWebCli", "FaceWebCli\FaceWebCli.csproj", "{0038D810-A85E-46F3-9551-30F41861DCE9}"
EndProject
Global
	GlobalSection(SolutionConfigurationPlatforms) = preSolution
		Debug|Any CPU = Debug|Any CPU
		Release|Any CPU = Release|Any CPU
	EndGlobalSection
	GlobalSection(ProjectConfigurationPlatforms) = postSolution
		{B18F3492-F038-405F-AF67-148272761333}.Debug|Any CPU.ActiveCfg = Debug|Any CPU
		{B18F3492-F038-405F-AF67-148272761333}.Debug|Any CPU.Build.0 = Debug|Any CPU
		{B18F3492-F038-405F-AF67-148272761333}.Release|Any CPU.ActiveCfg = Release|Any CPU
		{B18F3492-F038-405F-AF67-148272761333}.Release|Any CPU.Build.0 = Release|Any CPU
		{7A9E3108-1CA4-4F3A-8777-42E1B0E3C706}.Debug|Any CPU.ActiveCfg = Debug|Any CPU
		{7A9E3108-1CA4-4F3A-8777-42E1B0E3C706}.Debug|Any CPU.Build.0 = Debug|Any CPU
		{7A9E3108-1CA4-4F3A-8777-42E1B0E3C706}.Release|Any CPU.ActiveCfg = Release|Any CPU
		{7A9E3108-1CA4-4F3A-8777-42E1B0E3C706}.Release|Any CPU.Build.0 = Release|Any CPU
		{0038D810-A85E-46F3-9551-30F41861DCE9}.Debug|Any CPU.ActiveCfg = Debug|Any CPU
		{0038D810-A85E-46F3-9551-30F41861DCE9}.Debug|Any CPU.Build.0 = Debug|Any CPU
		{0038D810-A85E-46F3-9551-30F41861DCE9}.Release|Any CPU.ActiveCfg = Release|Any CPU
		{0038D810-A85E-46F3-9551-30F41861DCE9}.Release|Any CPU.Build.0 = Release|Any CPU
	EndGlobalSection
	GlobalSection(SolutionProperties) = preSolution
		HideSolutionNode = FALSE
	EndGlobalSection
EndGlobal
